
Microsoft Visual Studio Solution File, Format Version 12.00
# Visual Studio 15
VisualStudioVersion = 15.0.28307.960
MinimumVisualStudioVersion = 10.0.40219.1
Project("{FAE04EC0-301F-11D3-BF4B-00C04F79EFBC}") = "prog2017_019_try_load_image04", "prog2017_019_try_load_image04\prog2017_019_try_load_image04.csproj", "{394BA996-770F-4906-ACF3-751D7732FBD2}"
EndProject
Global
	GlobalSection(SolutionConfigurationPlatforms) = preSolution
		Debug|Any CPU = Debug|Any CPU
		Debug|x64 = Debug|x64
		Release|Any CPU = Release|Any CPU
		Release|x64 = Release|x64
	EndGlobalSection
	GlobalSection(ProjectConfigurationPlatforms) = postSolution
		{394BA996-770F-4906-ACF3-751D7732FBD2}.Debug|Any CPU.ActiveCfg = Debug|Any CPU
		{394BA996-770F-4906-ACF3-751D7732FBD2}.Debug|Any CPU.Build.0 = Debug|Any CPU
		{394BA996-770F-4906-ACF3-751D7732FBD2}.Debug|x64.ActiveCfg = Release|x64
		{394BA996-770F-4906-ACF3-751D7732FBD2}.Debug|x64.Build.0 = Release|x64
		{394BA996-770F-4906-ACF3-751D7732FBD2}.Release|Any CPU.ActiveCfg = Release|Any CPU
		{394BA996-770F-4906-ACF3-751D7732FBD2}.Release|Any CPU.Build.0 = Release|Any CPU
		{394BA996-770F-4906-ACF3-751D7732FBD2}.Release|x64.ActiveCfg = Release|x64
		{394BA996-770F-4906-ACF3-751D7732FBD2}.Release|x64.Build.0 = Release|x64
	EndGlobalSection
	GlobalSection(SolutionProperties) = preSolution
		HideSolutionNode = FALSE
	EndGlobalSection
	GlobalSection(ExtensibilityGlobals) = postSolution
		SolutionGuid = {ED478F74-831D-41EC-BDAA-8206D9D151C0}
	EndGlobalSection
EndGlobal
